
Microsoft Visual Studio Solution File, Format Version 12.00
# Visual Studio Version 17
VisualStudioVersion = 17.0.32014.148
MinimumVisualStudioVersion = 10.0.40219.1
Project("{FAE04EC0-301F-11D3-BF4B-00C04F79EFBC}") = "BetterGAMUT", "BetterGAMUT\BetterGAMUT.csproj", "{15EFBF8C-CF48-4C3D-A1E7-F0A074FF197B}"
EndProject
Global
	GlobalSection(SolutionConfigurationPlatforms) = preSolution
		Debug|Any CPU = Debug|Any CPU
		Release|Any CPU = Release|Any CPU
	EndGlobalSection
	GlobalSection(ProjectConfigurationPlatforms) = postSolution
		{15EFBF8C-CF48-4C3D-A1E7-F0A074FF197B}.Debug|Any CPU.ActiveCfg = Debug|Any CPU
		{15EFBF8C-CF48-4C3D-A1E7-F0A074FF197B}.Debug|Any CPU.Build.0 = Debug|Any CPU
		{15EFBF8C-CF48-4C3D-A1E7-F0A074FF197B}.Release|Any CPU.ActiveCfg = Release|Any CPU
		{15EFBF8C-CF48-4C3D-A1E7-F0A074FF197B}.Release|Any CPU.Build.0 = Release|Any CPU
	EndGlobalSection
	GlobalSection(SolutionProperties) = preSolution
		HideSolutionNode = FALSE
	EndGlobalSection
	GlobalSection(ExtensibilityGlobals) = postSolution
		SolutionGuid = {DB492157-1DA2-4947-A459-8959998591A2}
	EndGlobalSection
EndGlobal
